PODS:
  - AFNetworking (3.1.0):
    - AFNetworking/NSURLSession (= 3.1.0)
    - AFNetworking/Reachability (= 3.1.0)
    - AFNetworking/Security (= 3.1.0)
    - AFNetworking/Serialization (= 3.1.0)
    - AFNetworking/UIKit (= 3.1.0)
  - AFNetworking/NSURLSession (3.1.0):
    - AFNetworking/Reachability
    - AFNetworking/Security
    - AFNetworking/Serialization
  - AFNetworking/Reachability (3.1.0)
  - AFNetworking/Security (3.1.0)
  - AFNetworking/Serialization (3.1.0)
  - AFNetworking/UIKit (3.1.0):
    - AFNetworking/NSURLSession
  - CarbonKit (2.1.9)
  - ECSlidingViewController (2.0.3)
  - HTHorizontalSelectionList (0.7.4):
    - M13BadgeView (~> 1.0.4)
  - M13BadgeView (1.0.4)
  - MBProgressHUD (1.0.0)
  - SCLAlertView-Objective-C (1.1.1)
  - SDWebImage (3.8.2):
    - SDWebImage/Core (= 3.8.2)
  - SDWebImage/Core (3.8.2)
  - SSZipArchive (1.6.2)
  - UITextView+Placeholder (1.2.0)

DEPENDENCIES:
  - AFNetworking (~> 3.0)
  - CarbonKit
  - ECSlidingViewController (~> 2.0.3)
  - HTHorizontalSelectionList (~> 0.7.4)
  - MBProgressHUD (~> 1.0.0)
  - SCLAlertView-Objective-C
  - SDWebImage (~> 3.8)
  - SSZipArchive
  - UITextView+Placeholder (~> 1.2)

SPEC CHECKSUMS:
  AFNetworking: 5e0e199f73d8626b11e79750991f5d173d1f8b67
  CarbonKit: af16a9c0d2b6c908a5985fe4633424d38c9bfc0a
  ECSlidingViewController: 6485c14f23b4487e9946535421ca8f111f86cc53
  HTHorizontalSelectionList: c38792f4bc87f941ab6c07b02a40abf111c68249
  M13BadgeView: 700dd0714fdc837c0cf1c8c004454963ec22441f
  MBProgressHUD: 4890f671c94e8a0f3cf959aa731e9de2f036d71a
  SCLAlertView-Objective-C: d397ae2b52bae7dedf7188fa1616fcb89200b33a
  SDWebImage: 098e97e6176540799c27e804c96653ee0833d13c
  SSZipArchive: 428eb1ac8d37dd133404d30f422b23958c1f9acc
  UITextView+Placeholder: 77680995fcdd07c3f52ec92fe1150874a2ac89ff

PODFILE CHECKSUM: b45cda4e34922e4855426c9070a5cf8456e38fc4

COCOAPODS: 1.2.0
